
Microsoft Visual Studio Solution File, Format Version 12.00
# Visual Studio Version 16
VisualStudioVersion = 25.0.1700.7
MinimumVisualStudioVersion = 10.0.40219.1
Project("{FAE04EC0-301F-11D3-BF4B-00C04F79EFBC}") = "ForwardMetrics", "ForwardMetrics\ForwardMetrics.csproj", "{87A7DD82-221B-4793-8357-14D136DFB247}"
EndProject
Global
	GlobalSection(SolutionConfigurationPlatforms) = preSolution
		Debug|Any CPU = Debug|Any CPU
		Release|Any CPU = Release|Any CPU
	EndGlobalSection
	GlobalSection(ProjectConfigurationPlatforms) = postSolution
		{87A7DD82-221B-4793-8357-14D136DFB247}.Debug|Any CPU.ActiveCfg = Debug|Any CPU
		{87A7DD82-221B-4793-8357-14D136DFB247}.Debug|Any CPU.Build.0 = Debug|Any CPU
		{87A7DD82-221B-4793-8357-14D136DFB247}.Release|Any CPU.ActiveCfg = Release|Any CPU
		{87A7DD82-221B-4793-8357-14D136DFB247}.Release|Any CPU.Build.0 = Release|Any CPU
	EndGlobalSection
	GlobalSection(SolutionProperties) = preSolution
		HideSolutionNode = FALSE
	EndGlobalSection
	GlobalSection(ExtensibilityGlobals) = postSolution
		SolutionGuid = {1F2DFE9B-92AD-40B1-BB6F-DC7B07C9905D}
	EndGlobalSection
EndGlobal
